
Microsoft Visual Studio Solution File, Format Version 12.00
# Visual Studio 15
VisualStudioVersion = 15.0.27703.2018
MinimumVisualStudioVersion = 10.0.40219.1
Project("{FAE04EC0-301F-11D3-BF4B-00C04F79EFBC}") = "DAL", "DAL\DAL.csproj", "{A11297AD-0282-454E-A956-125E44F84B90}"
EndProject
Project("{FAE04EC0-301F-11D3-BF4B-00C04F79EFBC}") = "GUI", "GUI\GUI.csproj", "{CF94300D-66A5-44F6-9D0E-3A48DF27072E}"
EndProject
Project("{FAE04EC0-301F-11D3-BF4B-00C04F79EFBC}") = "BL", "BL\BL.csproj", "{DE1D2F58-4906-4998-AD39-1498D8ED1398}"
EndProject
Global
	GlobalSection(SolutionConfigurationPlatforms) = preSolution
		Debug|Any CPU = Debug|Any CPU
		Release|Any CPU = Release|Any CPU
	EndGlobalSection
	GlobalSection(ProjectConfigurationPlatforms) = postSolution
		{A11297AD-0282-454E-A956-125E44F84B90}.Debug|Any CPU.ActiveCfg = Debug|Any CPU
		{A11297AD-0282-454E-A956-125E44F84B90}.Debug|Any CPU.Build.0 = Debug|Any CPU
		{A11297AD-0282-454E-A956-125E44F84B90}.Release|Any CPU.ActiveCfg = Release|Any CPU
		{A11297AD-0282-454E-A956-125E44F84B90}.Release|Any CPU.Build.0 = Release|Any CPU
		{CF94300D-66A5-44F6-9D0E-3A48DF27072E}.Debug|Any CPU.ActiveCfg = Debug|Any CPU
		{CF94300D-66A5-44F6-9D0E-3A48DF27072E}.Debug|Any CPU.Build.0 = Debug|Any CPU
		{CF94300D-66A5-44F6-9D0E-3A48DF27072E}.Release|Any CPU.ActiveCfg = Release|Any CPU
		{CF94300D-66A5-44F6-9D0E-3A48DF27072E}.Release|Any CPU.Build.0 = Release|Any CPU
		{DE1D2F58-4906-4998-AD39-1498D8ED1398}.Debug|Any CPU.ActiveCfg = Debug|Any CPU
		{DE1D2F58-4906-4998-AD39-1498D8ED1398}.Debug|Any CPU.Build.0 = Debug|Any CPU
		{DE1D2F58-4906-4998-AD39-1498D8ED1398}.Release|Any CPU.ActiveCfg = Release|Any CPU
		{DE1D2F58-4906-4998-AD39-1498D8ED1398}.Release|Any CPU.Build.0 = Release|Any CPU
	EndGlobalSection
	GlobalSection(SolutionProperties) = preSolution
		HideSolutionNode = FALSE
	EndGlobalSection
	GlobalSection(ExtensibilityGlobals) = postSolution
		SolutionGuid = {084FE0BB-0639-42B7-AA25-67E3AC7B8B77}
	EndGlobalSection
EndGlobal
